
Microsoft Visual Studio Solution File, Format Version 12.00
# Visual Studio Version 16
VisualStudioVersion = 16.0.28803.202
MinimumVisualStudioVersion = 10.0.40219.1
Project("{8BC9CEB8-8B4A-11D0-8D11-00A0C91BC942}") = "HW_14", "HW_14.vcxproj", "{561D8C0A-0279-4215-AAE2-8B58FBC493A8}"
EndProject
Global
	GlobalSection(SolutionConfigurationPlatforms) = preSolution
		Debug|x64 = Debug|x64
		Debug|x86 = Debug|x86
		Release|x64 = Release|x64
		Release|x86 = Release|x86
	EndGlobalSection
	GlobalSection(ProjectConfigurationPlatforms) = postSolution
		{561D8C0A-0279-4215-AAE2-8B58FBC493A8}.Debug|x64.ActiveCfg = Debug|x64
		{561D8C0A-0279-4215-AAE2-8B58FBC493A8}.Debug|x64.Build.0 = Debug|x64
		{561D8C0A-0279-4215-AAE2-8B58FBC493A8}.Debug|x86.ActiveCfg = Debug|Win32
		{561D8C0A-0279-4215-AAE2-8B58FBC493A8}.Debug|x86.Build.0 = Debug|Win32
		{561D8C0A-0279-4215-AAE2-8B58FBC493A8}.Release|x64.ActiveCfg = Release|x64
		{561D8C0A-0279-4215-AAE2-8B58FBC493A8}.Release|x64.Build.0 = Release|x64
		{561D8C0A-0279-4215-AAE2-8B58FBC493A8}.Release|x86.ActiveCfg = Release|Win32
		{561D8C0A-0279-4215-AAE2-8B58FBC493A8}.Release|x86.Build.0 = Release|Win32
	EndGlobalSection
	GlobalSection(SolutionProperties) = preSolution
		HideSolutionNode = FALSE
	EndGlobalSection
	GlobalSection(ExtensibilityGlobals) = postSolution
		SolutionGuid = {A492C92D-E237-434C-8AB7-139353F9D36D}
	EndGlobalSection
EndGlobal
